
Microsoft Visual Studio Solution File, Format Version 12.00
# Visual Studio Version 17
VisualStudioVersion = 17.5.33530.505
MinimumVisualStudioVersion = 10.0.40219.1
Project("{FAE04EC0-301F-11D3-BF4B-00C04F79EFBC}") = "HeathCare", "HeathCare\HeathCare.csproj", "{313D16D0-F9B2-4F77-8FD0-78BE8E859CE7}"
EndProject
Global
	GlobalSection(SolutionConfigurationPlatforms) = preSolution
		Debug|Any CPU = Debug|Any CPU
		Release|Any CPU = Release|Any CPU
	EndGlobalSection
	GlobalSection(ProjectConfigurationPlatforms) = postSolution
		{313D16D0-F9B2-4F77-8FD0-78BE8E859CE7}.Debug|Any CPU.ActiveCfg = Debug|Any CPU
		{313D16D0-F9B2-4F77-8FD0-78BE8E859CE7}.Debug|Any CPU.Build.0 = Debug|Any CPU
		{313D16D0-F9B2-4F77-8FD0-78BE8E859CE7}.Release|Any CPU.ActiveCfg = Release|Any CPU
		{313D16D0-F9B2-4F77-8FD0-78BE8E859CE7}.Release|Any CPU.Build.0 = Release|Any CPU
	EndGlobalSection
	GlobalSection(SolutionProperties) = preSolution
		HideSolutionNode = FALSE
	EndGlobalSection
	GlobalSection(ExtensibilityGlobals) = postSolution
		SolutionGuid = {53CB2959-53BD-41DD-B29D-CDE44A372FE7}
	EndGlobalSection
EndGlobal
